
Microsoft Visual Studio Solution File, Format Version 12.00
# Visual Studio Version 17
VisualStudioVersion = 17.7.34003.232
MinimumVisualStudioVersion = 10.0.40219.1
Project("{FAE04EC0-301F-11D3-BF4B-00C04F79EFBC}") = "CodeChallenge6HeightoInches", "CodeChallenge6HeightoInches.csproj", "{527B237D-2B20-47FF-B8D1-855745464B07}"
EndProject
Global
	GlobalSection(SolutionConfigurationPlatforms) = preSolution
		Debug|Any CPU = Debug|Any CPU
		Release|Any CPU = Release|Any CPU
	EndGlobalSection
	GlobalSection(ProjectConfigurationPlatforms) = postSolution
		{527B237D-2B20-47FF-B8D1-855745464B07}.Debug|Any CPU.ActiveCfg = Debug|Any CPU
		{527B237D-2B20-47FF-B8D1-855745464B07}.Debug|Any CPU.Build.0 = Debug|Any CPU
		{527B237D-2B20-47FF-B8D1-855745464B07}.Release|Any CPU.ActiveCfg = Release|Any CPU
		{527B237D-2B20-47FF-B8D1-855745464B07}.Release|Any CPU.Build.0 = Release|Any CPU
	EndGlobalSection
	GlobalSection(SolutionProperties) = preSolution
		HideSolutionNode = FALSE
	EndGlobalSection
	GlobalSection(ExtensibilityGlobals) = postSolution
		SolutionGuid = {205C3457-CEEF-4F09-9DE2-F53687B2E2B4}
	EndGlobalSection
EndGlobal
