
Microsoft Visual Studio Solution File, Format Version 12.00
# Visual Studio Version 17
VisualStudioVersion = 17.7.34003.232
MinimumVisualStudioVersion = 10.0.40219.1
Project("{FAE04EC0-301F-11D3-BF4B-00C04F79EFBC}") = "1.7 PromptingForNumericalInput - Mazey", "1.7 PromptingForNumericalInput - Mazey\1.7 PromptingForNumericalInput - Mazey.csproj", "{CB0B8239-8987-4543-B5A8-AF4035F33B08}"
EndProject
Global
	GlobalSection(SolutionConfigurationPlatforms) = preSolution
		Debug|Any CPU = Debug|Any CPU
		Release|Any CPU = Release|Any CPU
	EndGlobalSection
	GlobalSection(ProjectConfigurationPlatforms) = postSolution
		{CB0B8239-8987-4543-B5A8-AF4035F33B08}.Debug|Any CPU.ActiveCfg = Debug|Any CPU
		{CB0B8239-8987-4543-B5A8-AF4035F33B08}.Debug|Any CPU.Build.0 = Debug|Any CPU
		{CB0B8239-8987-4543-B5A8-AF4035F33B08}.Release|Any CPU.ActiveCfg = Release|Any CPU
		{CB0B8239-8987-4543-B5A8-AF4035F33B08}.Release|Any CPU.Build.0 = Release|Any CPU
	EndGlobalSection
	GlobalSection(SolutionProperties) = preSolution
		HideSolutionNode = FALSE
	EndGlobalSection
	GlobalSection(ExtensibilityGlobals) = postSolution
		SolutionGuid = {2C73600A-FCE0-4191-85D4-6AC999C74F60}
	EndGlobalSection
EndGlobal
