
Microsoft Visual Studio Solution File, Format Version 12.00
# Visual Studio Version 17
VisualStudioVersion = 17.7.34003.232
MinimumVisualStudioVersion = 10.0.40219.1
Project("{FAE04EC0-301F-11D3-BF4B-00C04F79EFBC}") = "1.7 PromptingForNumericalInput", "1.7 PromptingForNumericalInput.csproj", "{81E560FC-60FE-465C-B200-E7D5B0405E3C}"
EndProject
Global
	GlobalSection(SolutionConfigurationPlatforms) = preSolution
		Debug|Any CPU = Debug|Any CPU
		Release|Any CPU = Release|Any CPU
	EndGlobalSection
	GlobalSection(ProjectConfigurationPlatforms) = postSolution
		{81E560FC-60FE-465C-B200-E7D5B0405E3C}.Debug|Any CPU.ActiveCfg = Debug|Any CPU
		{81E560FC-60FE-465C-B200-E7D5B0405E3C}.Debug|Any CPU.Build.0 = Debug|Any CPU
		{81E560FC-60FE-465C-B200-E7D5B0405E3C}.Release|Any CPU.ActiveCfg = Release|Any CPU
		{81E560FC-60FE-465C-B200-E7D5B0405E3C}.Release|Any CPU.Build.0 = Release|Any CPU
	EndGlobalSection
	GlobalSection(SolutionProperties) = preSolution
		HideSolutionNode = FALSE
	EndGlobalSection
	GlobalSection(ExtensibilityGlobals) = postSolution
		SolutionGuid = {73055253-70A9-4FB0-A682-BECA9940962D}
	EndGlobalSection
EndGlobal
