
Microsoft Visual Studio Solution File, Format Version 12.00
# Visual Studio Version 17
VisualStudioVersion = 17.7.34003.232
MinimumVisualStudioVersion = 10.0.40219.1
Project("{FAE04EC0-301F-11D3-BF4B-00C04F79EFBC}") = "2.1 Logic Crash Course", "2.1 Logic Crash Course.csproj", "{AB59AF3A-F598-42D3-B001-8A26533505C3}"
EndProject
Global
	GlobalSection(SolutionConfigurationPlatforms) = preSolution
		Debug|Any CPU = Debug|Any CPU
		Release|Any CPU = Release|Any CPU
	EndGlobalSection
	GlobalSection(ProjectConfigurationPlatforms) = postSolution
		{AB59AF3A-F598-42D3-B001-8A26533505C3}.Debug|Any CPU.ActiveCfg = Debug|Any CPU
		{AB59AF3A-F598-42D3-B001-8A26533505C3}.Debug|Any CPU.Build.0 = Debug|Any CPU
		{AB59AF3A-F598-42D3-B001-8A26533505C3}.Release|Any CPU.ActiveCfg = Release|Any CPU
		{AB59AF3A-F598-42D3-B001-8A26533505C3}.Release|Any CPU.Build.0 = Release|Any CPU
	EndGlobalSection
	GlobalSection(SolutionProperties) = preSolution
		HideSolutionNode = FALSE
	EndGlobalSection
	GlobalSection(ExtensibilityGlobals) = postSolution
		SolutionGuid = {16198F4C-ED28-4701-9668-0F460DA1C8EB}
	EndGlobalSection
EndGlobal
