
Microsoft Visual Studio Solution File, Format Version 12.00
# Visual Studio Version 17
VisualStudioVersion = 17.7.34003.232
MinimumVisualStudioVersion = 10.0.40219.1
Project("{FAE04EC0-301F-11D3-BF4B-00C04F79EFBC}") = "Function Challenges", "Function Challenges.csproj", "{A3232FA9-AE13-4651-89FA-2A50E87BCEFC}"
EndProject
Global
	GlobalSection(SolutionConfigurationPlatforms) = preSolution
		Debug|Any CPU = Debug|Any CPU
		Release|Any CPU = Release|Any CPU
	EndGlobalSection
	GlobalSection(ProjectConfigurationPlatforms) = postSolution
		{A3232FA9-AE13-4651-89FA-2A50E87BCEFC}.Debug|Any CPU.ActiveCfg = Debug|Any CPU
		{A3232FA9-AE13-4651-89FA-2A50E87BCEFC}.Debug|Any CPU.Build.0 = Debug|Any CPU
		{A3232FA9-AE13-4651-89FA-2A50E87BCEFC}.Release|Any CPU.ActiveCfg = Release|Any CPU
		{A3232FA9-AE13-4651-89FA-2A50E87BCEFC}.Release|Any CPU.Build.0 = Release|Any CPU
	EndGlobalSection
	GlobalSection(SolutionProperties) = preSolution
		HideSolutionNode = FALSE
	EndGlobalSection
	GlobalSection(ExtensibilityGlobals) = postSolution
		SolutionGuid = {A8596E42-6FB9-48FD-BE17-4971A41F9AB4}
	EndGlobalSection
EndGlobal
