
Microsoft Visual Studio Solution File, Format Version 12.00
# Visual Studio Version 17
VisualStudioVersion = 17.7.34003.232
MinimumVisualStudioVersion = 10.0.40219.1
Project("{FAE04EC0-301F-11D3-BF4B-00C04F79EFBC}") = "CodeChallenge4CToF - Mazey", "CodeChallenge4CToF - Mazey\CodeChallenge4CToF - Mazey.csproj", "{DE6A51C5-F9E2-4ADD-97D9-B6272F12F81E}"
EndProject
Global
	GlobalSection(SolutionConfigurationPlatforms) = preSolution
		Debug|Any CPU = Debug|Any CPU
		Release|Any CPU = Release|Any CPU
	EndGlobalSection
	GlobalSection(ProjectConfigurationPlatforms) = postSolution
		{DE6A51C5-F9E2-4ADD-97D9-B6272F12F81E}.Debug|Any CPU.ActiveCfg = Debug|Any CPU
		{DE6A51C5-F9E2-4ADD-97D9-B6272F12F81E}.Debug|Any CPU.Build.0 = Debug|Any CPU
		{DE6A51C5-F9E2-4ADD-97D9-B6272F12F81E}.Release|Any CPU.ActiveCfg = Release|Any CPU
		{DE6A51C5-F9E2-4ADD-97D9-B6272F12F81E}.Release|Any CPU.Build.0 = Release|Any CPU
	EndGlobalSection
	GlobalSection(SolutionProperties) = preSolution
		HideSolutionNode = FALSE
	EndGlobalSection
	GlobalSection(ExtensibilityGlobals) = postSolution
		SolutionGuid = {F2146690-3394-4926-BF74-4A8F2A4AE5E7}
	EndGlobalSection
EndGlobal
