
Microsoft Visual Studio Solution File, Format Version 12.00
# Visual Studio Version 17
VisualStudioVersion = 17.7.34003.232
MinimumVisualStudioVersion = 10.0.40219.1
Project("{FAE04EC0-301F-11D3-BF4B-00C04F79EFBC}") = "2.10 Multiplication Table", "2.10 Multiplication Table.csproj", "{86D9B9E7-D2A5-458C-AF73-78F3F72ABEF0}"
EndProject
Global
	GlobalSection(SolutionConfigurationPlatforms) = preSolution
		Debug|Any CPU = Debug|Any CPU
		Release|Any CPU = Release|Any CPU
	EndGlobalSection
	GlobalSection(ProjectConfigurationPlatforms) = postSolution
		{86D9B9E7-D2A5-458C-AF73-78F3F72ABEF0}.Debug|Any CPU.ActiveCfg = Debug|Any CPU
		{86D9B9E7-D2A5-458C-AF73-78F3F72ABEF0}.Debug|Any CPU.Build.0 = Debug|Any CPU
		{86D9B9E7-D2A5-458C-AF73-78F3F72ABEF0}.Release|Any CPU.ActiveCfg = Release|Any CPU
		{86D9B9E7-D2A5-458C-AF73-78F3F72ABEF0}.Release|Any CPU.Build.0 = Release|Any CPU
	EndGlobalSection
	GlobalSection(SolutionProperties) = preSolution
		HideSolutionNode = FALSE
	EndGlobalSection
	GlobalSection(ExtensibilityGlobals) = postSolution
		SolutionGuid = {DFBD3F2A-119F-4C0B-82E8-3CE8B6344778}
	EndGlobalSection
EndGlobal
