
Microsoft Visual Studio Solution File, Format Version 12.00
# Visual Studio Version 17
VisualStudioVersion = 17.7.34003.232
MinimumVisualStudioVersion = 10.0.40219.1
Project("{FAE04EC0-301F-11D3-BF4B-00C04F79EFBC}") = "1.3-String-Formatting-Mazey", "1.3-String-Formatting-Mazey\1.3-String-Formatting-Mazey.csproj", "{E11AA386-A245-4328-9076-B4C9813F387C}"
EndProject
Global
	GlobalSection(SolutionConfigurationPlatforms) = preSolution
		Debug|Any CPU = Debug|Any CPU
		Release|Any CPU = Release|Any CPU
	EndGlobalSection
	GlobalSection(ProjectConfigurationPlatforms) = postSolution
		{E11AA386-A245-4328-9076-B4C9813F387C}.Debug|Any CPU.ActiveCfg = Debug|Any CPU
		{E11AA386-A245-4328-9076-B4C9813F387C}.Debug|Any CPU.Build.0 = Debug|Any CPU
		{E11AA386-A245-4328-9076-B4C9813F387C}.Release|Any CPU.ActiveCfg = Release|Any CPU
		{E11AA386-A245-4328-9076-B4C9813F387C}.Release|Any CPU.Build.0 = Release|Any CPU
	EndGlobalSection
	GlobalSection(SolutionProperties) = preSolution
		HideSolutionNode = FALSE
	EndGlobalSection
	GlobalSection(ExtensibilityGlobals) = postSolution
		SolutionGuid = {CA02EAE1-111A-4B94-B914-9D10AB89AC00}
	EndGlobalSection
EndGlobal
