
Microsoft Visual Studio Solution File, Format Version 12.00
# Visual Studio Version 17
VisualStudioVersion = 17.7.34018.315
MinimumVisualStudioVersion = 10.0.40219.1
Project("{FAE04EC0-301F-11D3-BF4B-00C04F79EFBC}") = "1.5-Manipulating-Variable-Mazey", "1.5-Manipulating-Variable-Mazey\1.5-Manipulating-Variable-Mazey.csproj", "{9E0D85B1-9050-4D4B-A80D-D330D7055733}"
EndProject
Global
	GlobalSection(SolutionConfigurationPlatforms) = preSolution
		Debug|Any CPU = Debug|Any CPU
		Release|Any CPU = Release|Any CPU
	EndGlobalSection
	GlobalSection(ProjectConfigurationPlatforms) = postSolution
		{9E0D85B1-9050-4D4B-A80D-D330D7055733}.Debug|Any CPU.ActiveCfg = Debug|Any CPU
		{9E0D85B1-9050-4D4B-A80D-D330D7055733}.Debug|Any CPU.Build.0 = Debug|Any CPU
		{9E0D85B1-9050-4D4B-A80D-D330D7055733}.Release|Any CPU.ActiveCfg = Release|Any CPU
		{9E0D85B1-9050-4D4B-A80D-D330D7055733}.Release|Any CPU.Build.0 = Release|Any CPU
	EndGlobalSection
	GlobalSection(SolutionProperties) = preSolution
		HideSolutionNode = FALSE
	EndGlobalSection
	GlobalSection(ExtensibilityGlobals) = postSolution
		SolutionGuid = {56FFB802-0EB3-4840-A0FF-2931F543038D}
	EndGlobalSection
EndGlobal
