
Microsoft Visual Studio Solution File, Format Version 12.00
# Visual Studio Version 17
VisualStudioVersion = 17.7.34003.232
MinimumVisualStudioVersion = 10.0.40219.1
Project("{FAE04EC0-301F-11D3-BF4B-00C04F79EFBC}") = "CodeChallenge16Raffle", "CodeChallenge16Raffle.csproj", "{50FE9BA7-C7BE-4F20-A3BB-1474DE1FFFFD}"
EndProject
Global
	GlobalSection(SolutionConfigurationPlatforms) = preSolution
		Debug|Any CPU = Debug|Any CPU
		Release|Any CPU = Release|Any CPU
	EndGlobalSection
	GlobalSection(ProjectConfigurationPlatforms) = postSolution
		{50FE9BA7-C7BE-4F20-A3BB-1474DE1FFFFD}.Debug|Any CPU.ActiveCfg = Debug|Any CPU
		{50FE9BA7-C7BE-4F20-A3BB-1474DE1FFFFD}.Debug|Any CPU.Build.0 = Debug|Any CPU
		{50FE9BA7-C7BE-4F20-A3BB-1474DE1FFFFD}.Release|Any CPU.ActiveCfg = Release|Any CPU
		{50FE9BA7-C7BE-4F20-A3BB-1474DE1FFFFD}.Release|Any CPU.Build.0 = Release|Any CPU
	EndGlobalSection
	GlobalSection(SolutionProperties) = preSolution
		HideSolutionNode = FALSE
	EndGlobalSection
	GlobalSection(ExtensibilityGlobals) = postSolution
		SolutionGuid = {7F1A8F10-AD09-4669-AC79-024838F669DB}
	EndGlobalSection
EndGlobal
